
Microsoft Visual Studio Solution File, Format Version 12.00
# Visual Studio Version 16
VisualStudioVersion = 25.0.1704.1
MinimumVisualStudioVersion = 10.0.40219.1
Project("{FAE04EC0-301F-11D3-BF4B-00C04F79EFBC}") = "Homework1_5_5", "Homework1_5_5\Homework1_5_5.csproj", "{7B50B5EB-8388-491A-8118-80216DB77A07}"
EndProject
Global
	GlobalSection(SolutionConfigurationPlatforms) = preSolution
		Debug|Any CPU = Debug|Any CPU
		Release|Any CPU = Release|Any CPU
	EndGlobalSection
	GlobalSection(ProjectConfigurationPlatforms) = postSolution
		{7B50B5EB-8388-491A-8118-80216DB77A07}.Debug|Any CPU.ActiveCfg = Debug|Any CPU
		{7B50B5EB-8388-491A-8118-80216DB77A07}.Debug|Any CPU.Build.0 = Debug|Any CPU
		{7B50B5EB-8388-491A-8118-80216DB77A07}.Release|Any CPU.ActiveCfg = Release|Any CPU
		{7B50B5EB-8388-491A-8118-80216DB77A07}.Release|Any CPU.Build.0 = Release|Any CPU
	EndGlobalSection
	GlobalSection(SolutionProperties) = preSolution
		HideSolutionNode = FALSE
	EndGlobalSection
	GlobalSection(ExtensibilityGlobals) = postSolution
		SolutionGuid = {3C782A73-0778-4D1F-8B67-D49C62BA7665}
	EndGlobalSection
EndGlobal
